# THIS IS AN AUTOGENERATED FILE. DO NOT EDIT THIS FILE DIRECTLY.
# yarn lockfile v1


"@babel/runtime@^7.3.1":
  version "7.4.3"
  resolved "https://registry.yarnpkg.com/@babel/runtime/-/runtime-7.4.3.tgz#79888e452034223ad9609187a0ad1fe0d2ad4bdc"
  integrity sha512-9lsJwJLxDh/T3Q3SZszfWOTkk3pHbkmH+3KY+zwIDmsNlxsumuhS2TH3NIpktU4kNvfzy+k3eLT7aTJSPTo0OA==
  dependencies:
    regenerator-runtime "^0.13.2"

"@types/prop-types@*":
  version "15.7.0"
  resolved "https://registry.yarnpkg.com/@types/prop-types/-/prop-types-15.7.0.tgz#4c48fed958d6dcf9487195a0ef6456d5f6e0163a"
  integrity sha512-eItQyV43bj4rR3JPV0Skpl1SncRCdziTEK9/v8VwXmV6d/qOUO8/EuWeHBbCZcsfSHfzI5UyMJLCSXtxxznyZg==

"@types/react-image-crop@^6.0.1":
  version "6.0.2"
  resolved "https://registry.yarnpkg.com/@types/react-image-crop/-/react-image-crop-6.0.2.tgz#3cac5d61ef4826ae10cc7c989176341cc9bf531b"
  integrity sha512-jsLqP2jKRFiyCSHHI3xSJ+KYX8ieQXID0P+ZJLgoE9kzkZ6IUIIjMm1p6z4P0vJds3YuHvi1fMzDUUXSA9bCTg==
  dependencies:
    "@types/react" "*"

"@types/react@*":
  version "16.8.13"
  resolved "https://registry.yarnpkg.com/@types/react/-/react-16.8.13.tgz#a82b15aad9ab91c40edca0d6889b7745ae24f053"
  integrity sha512-otJ4ntMuHGrvm67CdDJMAls4WqotmAmW0g3HmWi9LCjSWXrxoXY/nHXrtmMfvPEEmGFNm6NdgMsJmnfH820Qaw==
  dependencies:
    "@types/prop-types" "*"
    csstype "^2.2.0"

csstype@^2.2.0:
  version "2.6.3"
  resolved "https://registry.yarnpkg.com/csstype/-/csstype-2.6.3.tgz#b701e5968245bf9b08d54ac83d00b624e622a9fa"
  integrity sha512-rINUZXOkcBmoHWEyu7JdHu5JMzkGRoMX4ov9830WNgxf5UYxcBUO0QTKAqeJ5EZfSdlrcJYkC8WwfVW7JYi4yg==

deep-equal@^1.0.1:
  version "1.0.1"
  resolved "https://registry.yarnpkg.com/deep-equal/-/deep-equal-1.0.1.tgz#f5d260292b660e084eff4cdbc9f08ad3247448b5"
  integrity sha1-9dJgKStmDghO/0zbyfCK0yR0SLU=

flatpickr@^4.5.2:
  version "4.5.7"
  resolved "https://registry.yarnpkg.com/flatpickr/-/flatpickr-4.5.7.tgz#6efc0d93c65547aa77294205c67830ebabe3565c"
  integrity sha512-JqPfihUc9A/j9QAsh6otoARmMyUauPE17vRBEG+ThJwbl8zAq4ssGpxlPK3wWM/i8EFxkHg9UuVo0ds7XluKxw==

"js-tokens@^3.0.0 || ^4.0.0":
  version "4.0.0"
  resolved "https://registry.yarnpkg.com/js-tokens/-/js-tokens-4.0.0.tgz#19203fb59991df98e3a287050d4647cdeaf32499"
  integrity sha512-RdJUflcE3cUzKiMqQgsCu06FPu9UdIJO0beYbPhHN4k6apgJtifcoCtT9bcxOpYBtpD2kCM6Sbzg4CausW/PKQ==

loose-envify@^1.4.0:
  version "1.4.0"
  resolved "https://registry.yarnpkg.com/loose-envify/-/loose-envify-1.4.0.tgz#71ee51fa7be4caec1a63839f7e682d8132d30caf"
  integrity sha512-lyuxPGr/Wfhrlem2CL/UcnUc1zcqKAImBDzukY7Y5F/yQiNdko6+fRLevlw1HgMySw7f611UIY408EtxRSoK3Q==
  dependencies:
    js-tokens "^3.0.0 || ^4.0.0"

object-assign@^3.0.0:
  version "3.0.0"
  resolved "https://registry.yarnpkg.com/object-assign/-/object-assign-3.0.0.tgz#9bedd5ca0897949bca47e7ff408062d549f587f2"
  integrity sha1-m+3VygiXlJvKR+f/QIBi1Un1h/I=

object-assign@^4.1.1:
  version "4.1.1"
  resolved "https://registry.yarnpkg.com/object-assign/-/object-assign-4.1.1.tgz#2109adc7965887cfc05cbbd442cac8bfbb360863"
  integrity sha1-IQmtx5ZYh8/AXLvUQsrIv7s2CGM=

openlaw-elements@^1.0.0-beta.16:
  version "1.0.0-beta.16"
  resolved "https://registry.yarnpkg.com/openlaw-elements/-/openlaw-elements-1.0.0-beta.16.tgz#a5f3681f60e211d2b32c8b79e2692515abdccd71"
  integrity sha512-683/buI0aUIs2mNI88y/FP4eZGxjgtqcg217kX2loAQoafZBonRqn+u217mlijFp60f3ldqXhKGqfdeohZ0aTg==
  dependencies:
    "@babel/runtime" "^7.3.1"
    deep-equal "^1.0.1"
    flatpickr "^4.5.2"
    prop-types "^15.7.2"
    react-autosuggest "^9.4.3"
    react-image-crop "^6.0.12"

prop-types@>=15.5.8, prop-types@^15.5.10, prop-types@^15.5.8, prop-types@^15.7.2:
  version "15.7.2"
  resolved "https://registry.yarnpkg.com/prop-types/-/prop-types-15.7.2.tgz#52c41e75b8c87e72b9d9360e0206b99dcbffa6c5"
  integrity sha512-8QQikdH7//R2vurIJSutZ1smHYTcLpRWEOlHnzcWHmBYrOGUysKwSsrC89BCiFj3CbrfJ/nXFdJepOVrY1GCHQ==
  dependencies:
    loose-envify "^1.4.0"
    object-assign "^4.1.1"
    react-is "^16.8.1"

react-autosuggest@^9.4.3:
  version "9.4.3"
  resolved "https://registry.yarnpkg.com/react-autosuggest/-/react-autosuggest-9.4.3.tgz#eb46852422a48144ab9f39fb5470319222f26c7c"
  integrity sha512-wFbp5QpgFQRfw9cwKvcgLR8theikOUkv8PFsuLYqI2PUgVlx186Cz8MYt5bLxculi+jxGGUUVt+h0esaBZZouw==
  dependencies:
    prop-types "^15.5.10"
    react-autowhatever "^10.1.2"
    shallow-equal "^1.0.0"

react-autowhatever@^10.1.2:
  version "10.2.0"
  resolved "https://registry.yarnpkg.com/react-autowhatever/-/react-autowhatever-10.2.0.tgz#bdd07bf19ddf78acdb8ce7ae162ac13b646874ab"
  integrity sha512-dqHH4uqiJldPMbL8hl/i2HV4E8FMTDEdVlOIbRqYnJi0kTpWseF9fJslk/KS9pGDnm80JkYzVI+nzFjnOG/u+g==
  dependencies:
    prop-types "^15.5.8"
    react-themeable "^1.1.0"
    section-iterator "^2.0.0"

react-image-crop@^6.0.12:
  version "6.0.18"
  resolved "https://registry.yarnpkg.com/react-image-crop/-/react-image-crop-6.0.18.tgz#9c025233d22da18ffdd9504faa51556fb48de59d"
  integrity sha512-YHmN0uYb6ifpW+naXnGZmcRLkg6bBIy0DyYFRA7onnxy2baM/U2xajConCNBIWdLePETQz55vfQK8Cfi1nqqPQ==
  dependencies:
    "@types/react-image-crop" "^6.0.1"
    prop-types ">=15.5.8"

react-is@^16.8.1:
  version "16.8.6"
  resolved "https://registry.yarnpkg.com/react-is/-/react-is-16.8.6.tgz#5bbc1e2d29141c9fbdfed456343fe2bc430a6a16"
  integrity sha512-aUk3bHfZ2bRSVFFbbeVS4i+lNPZr3/WM5jT2J5omUVV1zzcs1nAaf3l51ctA5FFvCRbhrH0bdAsRRQddFJZPtA==

react-themeable@^1.1.0:
  version "1.1.0"
  resolved "https://registry.yarnpkg.com/react-themeable/-/react-themeable-1.1.0.tgz#7d4466dd9b2b5fa75058727825e9f152ba379a0e"
  integrity sha1-fURm3ZsrX6dQWHJ4JenxUro3mg4=
  dependencies:
    object-assign "^3.0.0"

regenerator-runtime@^0.13.2:
  version "0.13.2"
  resolved "https://registry.yarnpkg.com/regenerator-runtime/-/regenerator-runtime-0.13.2.tgz#32e59c9a6fb9b1a4aff09b4930ca2d4477343447"
  integrity sha512-S/TQAZJO+D3m9xeN1WTI8dLKBBiRgXBlTJvbWjCThHWZj9EvHK70Ff50/tYj2J/fvBY6JtFVwRuazHN2E7M9BA==

section-iterator@^2.0.0:
  version "2.0.0"
  resolved "https://registry.yarnpkg.com/section-iterator/-/section-iterator-2.0.0.tgz#bf444d7afeeb94ad43c39ad2fb26151627ccba2a"
  integrity sha1-v0RNev7rlK1Dw5rS+yYVFifMuio=

shallow-equal@^1.0.0:
  version "1.1.0"
  resolved "https://registry.yarnpkg.com/shallow-equal/-/shallow-equal-1.1.0.tgz#cc022f030dcba0d1c198abf658a3c6c744e171ca"
  integrity sha512-0SW1nWo1hnabO62SEeHsl8nmTVVEzguVWZCj5gaQrgWAxz/BaCja4OWdJBWLVPDxdtE/WU7c98uUCCXyPHSCvw==
